<?xml version="1.0" encoding="utf-8"?>
<Project ToolsVersion="4.0" xmlns="http://schemas.microsoft.com/developer/msbuild/2003">
  <ItemGroup>
    <Filter Include="Source Files">
      <UniqueIdentifier>{4FC737F1-C7A5-4376-A066-2A32D752A2FF}</UniqueIdentifier>
      <Extensions>cpp;c;cc;cxx;def;odl;idl;hpj;bat;asm;asmx</Extensions>
    </Filter>
    <Filter Include="Header Files">
      <UniqueIdentifier>{93995380-89BD-4b04-88EB-625FBE52EBFB}</UniqueIdentifier>
      <Extensions>h;hh;hpp;hxx;hm;inl;inc;ipp;xsd</Extensions>
    </Filter>
    <Filter Include="Resource Files">
      <UniqueIdentifier>{67DA6AB6-F800-4c08-8B7A-83BB121AAD01}</UniqueIdentifier>
      <Extensions>rc;ico;cur;bmp;dlg;rc2;rct;bin;rgs;gif;jpg;jpeg;jpe;resx;tiff;tif;png;wav;mfcribbon-ms</Extensions>
    </Filter>
    <Filter Include="BlockChain">
      <UniqueIdentifier>{6831f06b-b26c-4b67-9d10-05492dc1d4a8}</UniqueIdentifier>
    </Filter>
    <Filter Include="Wallet">
      <UniqueIdentifier>{46bb6c35-5155-4a02-aa6d-4cf7e365f3c2}</UniqueIdentifier>
    </Filter>
    <Filter Include="ECDSA">
      <UniqueIdentifier>{a2666201-3911-4d32-a574-c3e30cfb5ccc}</UniqueIdentifier>
    </Filter>
    <Filter Include="ECDSA\HighMath">
      <UniqueIdentifier>{09837767-4d50-4048-a9cd-e3a4bcd3afbb}</UniqueIdentifier>
    </Filter>
    <Filter Include="ECDSA\Curve">
      <UniqueIdentifier>{cf6bebe6-efc2-47e0-a51c-f2da6981e37b}</UniqueIdentifier>
    </Filter>
    <Filter Include="ECDSA\DSA">
      <UniqueIdentifier>{7a51c52b-8c12-4ce5-b5e6-39dd52df9803}</UniqueIdentifier>
    </Filter>
    <Filter Include="ECDSA\DSA\Math">
      <UniqueIdentifier>{da4b233e-7930-4eac-ac34-b487ee4435ee}</UniqueIdentifier>
    </Filter>
  </ItemGroup>
  <ItemGroup>
    <ClCompile Include="GreenCoin.cpp">
      <Filter>Source Files</Filter>
    </ClCompile>
    <ClCompile Include="src\BlockChain\BlockChain.c">
      <Filter>BlockChain</Filter>
    </ClCompile>
    <ClCompile Include="src\BlockChain\Transaction.c">
      <Filter>BlockChain</Filter>
    </ClCompile>
    <ClCompile Include="src\Wallet\Wallet.c">
      <Filter>Wallet</Filter>
    </ClCompile>
    <ClCompile Include="src\ECDSA\Curve\Cruve.c">
      <Filter>ECDSA\Curve</Filter>
    </ClCompile>
    <ClCompile Include="src\ECDSA\DSA\Math\BitMath.c">
      <Filter>ECDSA\DSA\Math</Filter>
    </ClCompile>
    <ClCompile Include="Source.c">
      <Filter>Source Files</Filter>
    </ClCompile>
    <ClCompile Include="src\ECDSA\ECDSA.c">
      <Filter>ECDSA</Filter>
    </ClCompile>
    <ClCompile Include="src\ECDSA\DSA\DSA.c">
      <Filter>ECDSA\DSA</Filter>
    </ClCompile>
    <ClCompile Include="src\ECDSA\SHA256.c">
      <Filter>ECDSA</Filter>
    </ClCompile>
  </ItemGroup>
  <ItemGroup>
    <ClInclude Include="src\BlockChain\BlockChain.h">
      <Filter>BlockChain</Filter>
    </ClInclude>
    <ClInclude Include="src\BlockChain\Transaction.h">
      <Filter>BlockChain</Filter>
    </ClInclude>
    <ClInclude Include="src\Wallet\Wallet.h">
      <Filter>Wallet</Filter>
    </ClInclude>
    <ClInclude Include="src\ECDSA\ECDSA.h">
      <Filter>ECDSA</Filter>
    </ClInclude>
    <ClInclude Include="src\ECDSA\SHA256.h">
      <Filter>ECDSA</Filter>
    </ClInclude>
    <ClInclude Include="src\ECDSA\HighMath\HighMath.h">
      <Filter>ECDSA\HighMath</Filter>
    </ClInclude>
    <ClInclude Include="src\ECDSA\Curve\Curve.h">
      <Filter>ECDSA\Curve</Filter>
    </ClInclude>
    <ClInclude Include="src\ECDSA\DSA\DSA.h">
      <Filter>ECDSA\DSA</Filter>
    </ClInclude>
    <ClInclude Include="src\ECDSA\DSA\Math\BitMath.h">
      <Filter>ECDSA\DSA\Math</Filter>
    </ClInclude>
  </ItemGroup>
</Project>